# THIS IS AN AUTOGENERATED FILE. DO NOT EDIT THIS FILE DIRECTLY.
# yarn lockfile v1


"@types/jasmine@2.8.8":
  version "2.8.8"
  resolved "http://nexus.axiomainc.com:8080/nexus/repository/npm-all/@types/jasmine/-/jasmine-2.8.8.tgz#bf53a7d193ea8b03867a38bfdb4fbb0e0bf066c9"

"@types/node@10.9.3":
  version "10.9.3"
  resolved "http://nexus.axiomainc.com:8080/nexus/repository/npm-all/@types/node/-/node-10.9.3.tgz#85f288502503ade0b3bfc049fe1777b05d0327d5"

arrify@^1.0.0:
  version "1.0.1"
  resolved "http://nexus.axiomainc.com:8080/nexus/repository/npm-all/arrify/-/arrify-1.0.1.tgz#898508da2226f380df904728456849c1501a4b0d"

buffer-from@^1.0.0, buffer-from@^1.1.0:
  version "1.1.1"
  resolved "http://nexus.axiomainc.com:8080/nexus/repository/npm-all/buffer-from/-/buffer-from-1.1.1.tgz#32713bc028f75c02fdb710d7c7bcec1f2c6070ef"

diff@^3.1.0:
  version "3.5.0"
  resolved "http://nexus.axiomainc.com:8080/nexus/repository/npm-all/diff/-/diff-3.5.0.tgz#800c0dd1e0a8bfbc95835c202ad220fe317e5a12"

extend@^3.0.2:
  version "3.0.2"
  resolved "http://nexus.axiomainc.com:8080/nexus/repository/npm-all/extend/-/extend-3.0.2.tgz#f8b1136b4071fbd8eb140aff858b1019ec2915fa"

lodash@^4.17.10:
  version "4.17.11"
  resolved "http://nexus.axiomainc.com:8080/nexus/repository/npm-all/lodash/-/lodash-4.17.11.tgz#b39ea6229ef607ecd89e2c8df12536891cac9b8d"

make-error@^1.1.1:
  version "1.3.5"
  resolved "http://nexus.axiomainc.com:8080/nexus/repository/npm-all/make-error/-/make-error-1.3.5.tgz#efe4e81f6db28cadd605c70f29c831b58ef776c8"

minimist@0.0.8:
  version "0.0.8"
  resolved "http://nexus.axiomainc.com:8080/nexus/repository/npm-all/minimist/-/minimist-0.0.8.tgz#857fcabfc3397d2625b8228262e86aa7a011b05d"

minimist@^1.2.0:
  version "1.2.0"
  resolved "http://nexus.axiomainc.com:8080/nexus/repository/npm-all/minimist/-/minimist-1.2.0.tgz#a35008b20f41383eec1fb914f4cd5df79a264284"

mkdirp@^0.5.1:
  version "0.5.1"
  resolved "http://nexus.axiomainc.com:8080/nexus/repository/npm-all/mkdirp/-/mkdirp-0.5.1.tgz#30057438eac6cf7f8c4767f38648d6697d75c903"
  dependencies:
    minimist "0.0.8"

requestretry@2.0.2:
  version "2.0.2"
  resolved "http://nexus.axiomainc.com:8080/nexus/repository/npm-all/requestretry/-/requestretry-2.0.2.tgz#ecbd2d9e2c9abb64c66e2d42c75f61af6e2c0375"
  dependencies:
    extend "^3.0.2"
    lodash "^4.17.10"
    when "^3.7.7"

source-map-support@^0.5.6:
  version "0.5.9"
  resolved "http://nexus.axiomainc.com:8080/nexus/repository/npm-all/source-map-support/-/source-map-support-0.5.9.tgz#41bc953b2534267ea2d605bccfa7bfa3111ced5f"
  dependencies:
    buffer-from "^1.0.0"
    source-map "^0.6.0"

source-map@^0.6.0:
  version "0.6.1"
  resolved "http://nexus.axiomainc.com:8080/nexus/repository/npm-all/source-map/-/source-map-0.6.1.tgz#74722af32e9614e9c287a8d0bbde48b5e2f1a263"

ts-node@7.0.1:
  version "7.0.1"
  resolved "http://nexus.axiomainc.com:8080/nexus/repository/npm-all/ts-node/-/ts-node-7.0.1.tgz#9562dc2d1e6d248d24bc55f773e3f614337d9baf"
  dependencies:
    arrify "^1.0.0"
    buffer-from "^1.1.0"
    diff "^3.1.0"
    make-error "^1.1.1"
    minimist "^1.2.0"
    mkdirp "^0.5.1"
    source-map-support "^0.5.6"
    yn "^2.0.0"

typescript@3.0.3:
  version "3.0.3"
  resolved "http://nexus.axiomainc.com:8080/nexus/repository/npm-all/typescript/-/typescript-3.0.3.tgz#4853b3e275ecdaa27f78fda46dc273a7eb7fc1c8"

when@^3.7.7:
  version "3.7.8"
  resolved "http://nexus.axiomainc.com:8080/nexus/repository/npm-all/when/-/when-3.7.8.tgz#c7130b6a7ea04693e842cdc9e7a1f2aa39a39f82"

yn@^2.0.0:
  version "2.0.0"
  resolved "http://nexus.axiomainc.com:8080/nexus/repository/npm-all/yn/-/yn-2.0.0.tgz#e5adabc8acf408f6385fc76495684c88e6af689a"
